
Microsoft Visual Studio Solution File, Format Version 12.00
# Visual Studio Version 16
VisualStudioVersion = 16.0.34031.81
MinimumVisualStudioVersion = 10.0.40219.1
Project("{FAE04EC0-301F-11D3-BF4B-00C04F79EFBC}") = "SmartSchool", "SmartSchool\SmartSchool.csproj", "{989ECA8C-0A6D-4655-9150-C0A67A37C12E}"
EndProject
Global
	GlobalSection(SolutionConfigurationPlatforms) = preSolution
		Debug|Any CPU = Debug|Any CPU
		Release|Any CPU = Release|Any CPU
	EndGlobalSection
	GlobalSection(ProjectConfigurationPlatforms) = postSolution
		{989ECA8C-0A6D-4655-9150-C0A67A37C12E}.Debug|Any CPU.ActiveCfg = Debug|Any CPU
		{989ECA8C-0A6D-4655-9150-C0A67A37C12E}.Debug|Any CPU.Build.0 = Debug|Any CPU
		{989ECA8C-0A6D-4655-9150-C0A67A37C12E}.Release|Any CPU.ActiveCfg = Release|Any CPU
		{989ECA8C-0A6D-4655-9150-C0A67A37C12E}.Release|Any CPU.Build.0 = Release|Any CPU
	EndGlobalSection
	GlobalSection(SolutionProperties) = preSolution
		HideSolutionNode = FALSE
	EndGlobalSection
	GlobalSection(ExtensibilityGlobals) = postSolution
		SolutionGuid = {505B148A-C2D0-4981-99AC-F1F44DC78276}
	EndGlobalSection
EndGlobal
